// !$*UTF8*$!
{
	archiveVersion = 1;
	classes = {
	};
	objectVersion = 46;
	objects = {

/* Begin PBXBuildFile section */
		57040FC51D1CFA8C00444E38 /* main.swift in Sources */ = {isa = PBXBuildFile; fileRef = 57040FC41D1CFA8C00444E38 /* main.swift */; };
		57040FCD1D1CFAC000444E38 /* BinarySearchTreeType.swift in Sources */ = {isa = PBXBuildFile; fileRef = 57040FCC1D1CFAC000444E38 /* BinarySearchTreeType.swift */; };
		57040FCF1D1CFAD400444E38 /* BinarySearchTree.swift in Sources */ = {isa = PBXBuildFile; fileRef = 57040FCE1D1CFAD400444E38 /* BinarySearchTree.swift */; };
		57040FD11D1CFB0D00444E38 /* BinarySearchTree+SequenceType.swift in Sources */ = {isa = PBXBuildFile; fileRef = 57040FD01D1CFB0D00444E38 /* BinarySearchTree+SequenceType.swift */; };
		57040FD51D20800600444E38 /* BinarySearchTree+CollectionType.swift in Sources */ = {isa = PBXBuildFile; fileRef = 57040FD41D20800600444E38 /* BinarySearchTree+CollectionType.swift */; };
/* End PBXBuildFile section */

/* Begin PBXCopyFilesBuildPhase section */
		57040FBF1D1CFA8C00444E38 /* CopyFiles */ = {
			isa = PBXCopyFilesBuildPhase;
			buildActionMask = 2147483647;
			dstPath = /usr/share/man/man1/;
			dstSubfolderSpec = 0;
			files = (
			);
			runOnlyForDeploymentPostprocessing = 1;
		};
/* End PBXCopyFilesBuildPhase section */

/* Begin PBXFileReference section */
		57040FC11D1CFA8C00444E38 /* BinarySearchTree */ = {isa = PBXFileReference; explicitFileType = "compiled.mach-o.executable"; includeInIndex = 0; path = BinarySearchTree; sourceTree = BUILT_PRODUCTS_DIR; };
		57040FC41D1CFA8C00444E38 /* main.swift */ = {isa = PBXFileReference; lastKnownFileType = sourcecode.swift; path = main.swift; sourceTree = "<group>"; };
		57040FCC1D1CFAC000444E38 /* BinarySearchTreeType.swift */ = {isa = PBXFileReference; fileEncoding = 4; lastKnownFileType = sourcecode.swift; path = BinarySearchTreeType.swift; sourceTree = "<group>"; };
		57040FCE1D1CFAD400444E38 /* BinarySearchTree.swift */ = {isa = PBXFileReference; fileEncoding = 4; lastKnownFileType = sourcecode.swift; path = BinarySearchTree.swift; sourceTree = "<group>"; };
		57040FD01D1CFB0D00444E38 /* BinarySearchTree+SequenceType.swift */ = {isa = PBXFileReference; fileEncoding = 4; lastKnownFileType = sourcecode.swift; path = "BinarySearchTree+SequenceType.swift"; sourceTree = "<group>"; };
		57040FD31D1D0BCB00444E38 /* .swiftlint.yml */ = {isa = PBXFileReference; lastKnownFileType = text; path = .swiftlint.yml; sourceTree = "<group>"; };
		57040FD41D20800600444E38 /* BinarySearchTree+CollectionType.swift */ = {isa = PBXFileReference; fileEncoding = 4; lastKnownFileType = sourcecode.swift; path = "BinarySearchTree+CollectionType.swift"; sourceTree = "<group>"; };
/* End PBXFileReference section */

/* Begin PBXFrameworksBuildPhase section */
		57040FBE1D1CFA8C00444E38 /* Frameworks */ = {
			isa = PBXFrameworksBuildPhase;
			buildActionMask = 2147483647;
			files = (
			);
			runOnlyForDeploymentPostprocessing = 0;
		};
/* End PBXFrameworksBuildPhase section */

/* Begin PBXGroup section */
		57040FB81D1CFA8C00444E38 = {
			isa = PBXGroup;
			children = (
				57040FD31D1D0BCB00444E38 /* .swiftlint.yml */,
				57040FC31D1CFA8C00444E38 /* BinarySearchTree */,
				57040FC21D1CFA8C00444E38 /* Products */,
			);
			sourceTree = "<group>";
		};
		57040FC21D1CFA8C00444E38 /* Products */ = {
			isa = PBXGroup;
			children = (
				57040FC11D1CFA8C00444E38 /* BinarySearchTree */,
			);
			name = Products;
			sourceTree = "<group>";
		};
		57040FC31D1CFA8C00444E38 /* BinarySearchTree */ = {
			isa = PBXGroup;
			children = (
				57040FC41D1CFA8C00444E38 /* main.swift */,
				57040FCC1D1CFAC000444E38 /* BinarySearchTreeType.swift */,
				57040FCE1D1CFAD400444E38 /* BinarySearchTree.swift */,
				57040FD01D1CFB0D00444E38 /* BinarySearchTree+SequenceType.swift */,
				57040FD41D20800600444E38 /* BinarySearchTree+CollectionType.swift */,
			);
			path = BinarySearchTree;
			sourceTree = "<group>";
		};
/* End PBXGroup section */

/* Begin PBXNativeTarget section */
		57040FC01D1CFA8C00444E38 /* BinarySearchTree */ = {
			isa = PBXNativeTarget;
			buildConfigurationList = 57040FC81D1CFA8C00444E38 /* Build configuration list for PBXNativeTarget "BinarySearchTree" */;
			buildPhases = (
				57040FBD1D1CFA8C00444E38 /* Sources */,
				57040FBE1D1CFA8C00444E38 /* Frameworks */,
				57040FBF1D1CFA8C00444E38 /* CopyFiles */,
				57040FCB1D1CFA9800444E38 /* ShellScript */,
			);
			buildRules = (
			);
			dependencies = (
			);
			name = BinarySearchTree;
			productName = BinarySearchTree;
			productReference = 57040FC11D1CFA8C00444E38 /* BinarySearchTree */;
			productType = "com.apple.product-type.tool";
		};
/* End PBXNativeTarget section */

/* Begin PBXProject section */
		57040FB91D1CFA8C00444E38 /* Project object */ = {
			isa = PBXProject;
			attributes = {
				LastSwiftUpdateCheck = 0730;
				LastUpgradeCheck = 0730;
				ORGANIZATIONNAME = "Reza Shirazian";
				TargetAttributes = {
					57040FC01D1CFA8C00444E38 = {
						CreatedOnToolsVersion = 7.3.1;
					};
				};
			};
			buildConfigurationList = 57040FBC1D1CFA8C00444E38 /* Build configuration list for PBXProject "BinarySearchTree" */;
			compatibilityVersion = "Xcode 3.2";
			developmentRegion = English;
			hasScannedForEncodings = 0;
			knownRegions = (
				en,
			);
			mainGroup = 57040FB81D1CFA8C00444E38;
			productRefGroup = 57040FC21D1CFA8C00444E38 /* Products */;
			projectDirPath = "";
			projectRoot = "";
			targets = (
				57040FC01D1CFA8C00444E38 /* BinarySearchTree */,
			);
		};
/* End PBXProject section */

/* Begin PBXShellScriptBuildPhase section */
		57040FCB1D1CFA9800444E38 /* ShellScript */ = {
			isa = PBXShellScriptBuildPhase;
			buildActionMask = 2147483647;
			files = (
			);
			inputPaths = (
			);
			outputPaths = (
			);
			runOnlyForDeploymentPostprocessing = 0;
			shellPath = /bin/sh;
			shellScript = "if which swiftlint >/dev/null; then\nswiftlint\nelse\necho \"warning: SwiftLint not installed, download from https://github.com/realm/SwiftLint\"\nfi";
		};
/* End PBXShellScriptBuildPhase section */

/* Begin PBXSourcesBuildPhase section */
		57040FBD1D1CFA8C00444E38 /* Sources */ = {
			isa = PBXSourcesBuildPhase;
			buildActionMask = 2147483647;
			files = (
				57040FCD1D1CFAC000444E38 /* BinarySearchTreeType.swift in Sources */,
				57040FD51D20800600444E38 /* BinarySearchTree+CollectionType.swift in Sources */,
				57040FC51D1CFA8C00444E38 /* main.swift in Sources */,
				57040FCF1D1CFAD400444E38 /* BinarySearchTree.swift in Sources */,
				57040FD11D1CFB0D00444E38 /* BinarySearchTree+SequenceType.swift in Sources */,
			);
			runOnlyForDeploymentPostprocessing = 0;
		};
/* End PBXSourcesBuildPhase section */

/* Begin XCBuildConfiguration section */
		57040FC61D1CFA8C00444E38 /* Debug */ = {
			isa = XCBuildConfiguration;
			buildSettings = {
				ALWAYS_SEARCH_USER_PATHS = NO;
				CLANG_ANALYZER_NONNULL = YES;
				CLANG_CXX_LANGUAGE_STANDARD = "gnu++0x";
				CLANG_CXX_LIBRARY = "libc++";
				CLANG_ENABLE_MODULES = YES;
				CLANG_ENABLE_OBJC_ARC = YES;
				CLANG_WARN_BOOL_CONVERSION = YES;
				CLANG_WARN_CONSTANT_CONVERSION = YES;
				CLANG_WARN_DIRECT_OBJC_ISA_USAGE = YES_ERROR;
				CLANG_WARN_EMPTY_BODY = YES;
				CLANG_WARN_ENUM_CONVERSION = YES;
				CLANG_WARN_INT_CONVERSION = YES;
				CLANG_WARN_OBJC_ROOT_CLASS = YES_ERROR;
				CLANG_WARN_UNREACHABLE_CODE = YES;
				CLANG_WARN__DUPLICATE_METHOD_MATCH = YES;
				CODE_SIGN_IDENTITY = "-";
				COPY_PHASE_STRIP = NO;
				DEBUG_INFORMATION_FORMAT = dwarf;
				ENABLE_STRICT_OBJC_MSGSEND = YES;
				ENABLE_TESTABILITY = YES;
				GCC_C_LANGUAGE_STANDARD = gnu99;
				GCC_DYNAMIC_NO_PIC = NO;
				GCC_NO_COMMON_BLOCKS = YES;
				GCC_OPTIMIZATION_LEVEL = 0;
				GCC_PREPROCESSOR_DEFINITIONS = (
					"DEBUG=1",
					"$(inherited)",
				);
				GCC_WARN_64_TO_32_BIT_CONVERSION = YES;
				GCC_WARN_ABOUT_RETURN_TYPE = YES_ERROR;
				GCC_WARN_UNDECLARED_SELECTOR = YES;
				GCC_WARN_UNINITIALIZED_AUTOS = YES_AGGRESSIVE;
				GCC_WARN_UNUSED_FUNCTION = YES;
				GCC_WARN_UNUSED_VARIABLE = YES;
				MACOSX_DEPLOYMENT_TARGET = 10.11;
				MTL_ENABLE_DEBUG_INFO = YES;
				ONLY_ACTIVE_ARCH = YES;
				SDKROOT = macosx;
				SWIFT_OPTIMIZATION_LEVEL = "-Onone";
			};
			name = Debug;
		};
		57040FC71D1CFA8C00444E38 /* Release */ = {
			isa = XCBuildConfiguration;
			buildSettings = {
				ALWAYS_SEARCH_USER_PATHS = NO;
				CLANG_ANALYZER_NONNULL = YES;
				CLANG_CXX_LANGUAGE_STANDARD = "gnu++0x";
				CLANG_CXX_LIBRARY = "libc++";
				CLANG_ENABLE_MODULES = YES;
				CLANG_ENABLE_OBJC_ARC = YES;
				CLANG_WARN_BOOL_CONVERSION = YES;
				CLANG_WARN_CONSTANT_CONVERSION = YES;
				CLANG_WARN_DIRECT_OBJC_ISA_USAGE = YES_ERROR;
				CLANG_WARN_EMPTY_BODY = YES;
				CLANG_WARN_ENUM_CONVERSION = YES;
				CLANG_WARN_INT_CONVERSION = YES;
				CLANG_WARN_OBJC_ROOT_CLASS = YES_ERROR;
				CLANG_WARN_UNREACHABLE_CODE = YES;
				CLANG_WARN__DUPLICATE_METHOD_MATCH = YES;
				CODE_SIGN_IDENTITY = "-";
				COPY_PHASE_STRIP = NO;
				DEBUG_INFORMATION_FORMAT = "dwarf-with-dsym";
				ENABLE_NS_ASSERTIONS = NO;
				ENABLE_STRICT_OBJC_MSGSEND = YES;
				GCC_C_LANGUAGE_STANDARD = gnu99;
				GCC_NO_COMMON_BLOCKS = YES;
				GCC_WARN_64_TO_32_BIT_CONVERSION = YES;
				GCC_WARN_ABOUT_RETURN_TYPE = YES_ERROR;
				GCC_WARN_UNDECLARED_SELECTOR = YES;
				GCC_WARN_UNINITIALIZED_AUTOS = YES_AGGRESSIVE;
				GCC_WARN_UNUSED_FUNCTION = YES;
				GCC_WARN_UNUSED_VARIABLE = YES;
				MACOSX_DEPLOYMENT_TARGET = 10.11;
				MTL_ENABLE_DEBUG_INFO = NO;
				SDKROOT = macosx;
			};
			name = Release;
		};
		57040FC91D1CFA8C00444E38 /* Debug */ = {
			isa = XCBuildConfiguration;
			buildSettings = {
				PRODUCT_NAME = "$(TARGET_NAME)";
			};
			name = Debug;
		};
		57040FCA1D1CFA8C00444E38 /* Release */ = {
			isa = XCBuildConfiguration;
			buildSettings = {
				PRODUCT_NAME = "$(TARGET_NAME)";
			};
			name = Release;
		};
/* End XCBuildConfiguration section */

/* Begin XCConfigurationList section */
		57040FBC1D1CFA8C00444E38 /* Build configuration list for PBXProject "BinarySearchTree" */ = {
			isa = XCConfigurationList;
			buildConfigurations = (
				57040FC61D1CFA8C00444E38 /* Debug */,
				57040FC71D1CFA8C00444E38 /* Release */,
			);
			defaultConfigurationIsVisible = 0;
			defaultConfigurationName = Release;
		};
		57040FC81D1CFA8C00444E38 /* Build configuration list for PBXNativeTarget "BinarySearchTree" */ = {
			isa = XCConfigurationList;
			buildConfigurations = (
				57040FC91D1CFA8C00444E38 /* Debug */,
				57040FCA1D1CFA8C00444E38 /* Release */,
			);
			defaultConfigurationIsVisible = 0;
		};
/* End XCConfigurationList section */
	};
	rootObject = 57040FB91D1CFA8C00444E38 /* Project object */;
}
